PODS:
  - Alamofire (4.7.3)
  - PromiseKit (6.4.0):
    - PromiseKit/CorePromise (= 6.4.0)
    - PromiseKit/Foundation (= 6.4.0)
    - PromiseKit/UIKit (= 6.4.0)
  - PromiseKit/CorePromise (6.4.0)
  - PromiseKit/Foundation (6.4.0):
    - PromiseKit/CorePromise
  - PromiseKit/UIKit (6.4.0):
    - PromiseKit/CorePromise
  - SearchTextField (1.2.1)

DEPENDENCIES:
  - Alamofire (~> 4.7)
  - PromiseKit (~> 6.0)
  - SearchTextField

SPEC REPOS:
  https://github.com/cocoapods/specs.git:
    - Alamofire
    - PromiseKit
    - SearchTextField

SPEC CHECKSUMS:
  Alamofire: c7287b6e5d7da964a70935e5db17046b7fde6568
  PromiseKit: ae3616f45d7bb9bf4ff1e91abc9b7a8c48a340e0
  SearchTextField: 261b0febd49194492f29555fff3c5c0019ca84d2

PODFILE CHECKSUM: d1ee01ba47f55a15fd61af9b8acb8013aeda7e92

COCOAPODS: 1.5.3
