PODS:
  - Alamofire (4.7.3)
  - Material (2.16.4):
    - Material/Core (= 2.16.4)
  - Material/Core (2.16.4):
    - Motion (~> 1.4.3)
  - Motion (1.4.3):
    - Motion/Core (= 1.4.3)
  - Motion/Core (1.4.3)
  - PromiseKit (6.4.0):
    - PromiseKit/CorePromise (= 6.4.0)
    - PromiseKit/Foundation (= 6.4.0)
    - PromiseKit/UIKit (= 6.4.0)
  - PromiseKit/CorePromise (6.4.0)
  - PromiseKit/Foundation (6.4.0):
    - PromiseKit/CorePromise
  - PromiseKit/UIKit (6.4.0):
    - PromiseKit/CorePromise

DEPENDENCIES:
  - Alamofire (~> 4.7)
  - Material (~> 2.0)
  - PromiseKit (~> 6.0)

SPEC REPOS:
  https://github.com/cocoapods/specs.git:
    - Alamofire
    - Material
    - Motion
    - PromiseKit

SPEC CHECKSUMS:
  Alamofire: c7287b6e5d7da964a70935e5db17046b7fde6568
  Material: 4ed78690b09ffd148b5ffab6b4367fb1d8da1cd3
  Motion: 153ba49692997888556c7a95207278a8b1f8be95
  PromiseKit: ae3616f45d7bb9bf4ff1e91abc9b7a8c48a340e0

PODFILE CHECKSUM: 06985a177db94ac815a93178c1381bd10f069ad5

COCOAPODS: 1.5.3
